
Microsoft Visual Studio Solution File, Format Version 12.00
# Visual Studio Version 17
VisualStudioVersion = 17.4.33213.308
MinimumVisualStudioVersion = 10.0.40219.1
Project("{9A19103F-16F7-4668-BE54-9A1E7A4F7556}") = "AIS Transport Agency", "AIS Transport Agency\AIS Transport Agency.csproj", "{1A784480-4F50-4FA0-ACA2-E1830C6F3DBE}"
EndProject
Project("{2150E333-8FDC-42A3-9474-1A3956D46DE8}") = "Solution Items", "Solution Items", "{46640EB4-046B-415C-8A16-2D3B633A0B24}"
	ProjectSection(SolutionItems) = preProject
		.editorconfig = .editorconfig
	EndProjectSection
EndProject
Global
	GlobalSection(SolutionConfigurationPlatforms) = preSolution
		Debug|Any CPU = Debug|Any CPU
		Release|Any CPU = Release|Any CPU
	EndGlobalSection
	GlobalSection(ProjectConfigurationPlatforms) = postSolution
		{1A784480-4F50-4FA0-ACA2-E1830C6F3DBE}.Debug|Any CPU.ActiveCfg = Debug|Any CPU
		{1A784480-4F50-4FA0-ACA2-E1830C6F3DBE}.Debug|Any CPU.Build.0 = Debug|Any CPU
		{1A784480-4F50-4FA0-ACA2-E1830C6F3DBE}.Release|Any CPU.ActiveCfg = Release|Any CPU
		{1A784480-4F50-4FA0-ACA2-E1830C6F3DBE}.Release|Any CPU.Build.0 = Release|Any CPU
	EndGlobalSection
	GlobalSection(SolutionProperties) = preSolution
		HideSolutionNode = FALSE
	EndGlobalSection
	GlobalSection(ExtensibilityGlobals) = postSolution
		SolutionGuid = {7E34452B-2E91-4B1C-8605-785A83B9610B}
	EndGlobalSection
EndGlobal
